
Microsoft Visual Studio Solution File, Format Version 12.00
# Visual Studio Version 17
VisualStudioVersion = 17.1.32407.343
MinimumVisualStudioVersion = 10.0.40219.1
Project("{FAE04EC0-301F-11D3-BF4B-00C04F79EFBC}") = "MovieDb", "MovieDb.csproj", "{5B071C37-38DD-4B64-89A3-420C99CB2199}"
EndProject
Global
	GlobalSection(SolutionConfigurationPlatforms) = preSolution
		Debug|Any CPU = Debug|Any CPU
		Release|Any CPU = Release|Any CPU
	EndGlobalSection
	GlobalSection(ProjectConfigurationPlatforms) = postSolution
		{5B071C37-38DD-4B64-89A3-420C99CB2199}.Debug|Any CPU.ActiveCfg = Debug|Any CPU
		{5B071C37-38DD-4B64-89A3-420C99CB2199}.Debug|Any CPU.Build.0 = Debug|Any CPU
		{5B071C37-38DD-4B64-89A3-420C99CB2199}.Release|Any CPU.ActiveCfg = Release|Any CPU
		{5B071C37-38DD-4B64-89A3-420C99CB2199}.Release|Any CPU.Build.0 = Release|Any CPU
	EndGlobalSection
	GlobalSection(SolutionProperties) = preSolution
		HideSolutionNode = FALSE
	EndGlobalSection
	GlobalSection(ExtensibilityGlobals) = postSolution
		SolutionGuid = {C8BA7B1D-3109-404E-B07C-0619FA6849FE}
	EndGlobalSection
EndGlobal
